
Microsoft Visual Studio Solution File, Format Version 12.00
# Visual Studio 15
VisualStudioVersion = 15.0.27004.2010
MinimumVisualStudioVersion = 10.0.40219.1
Project("{FAE04EC0-301F-11D3-BF4B-00C04F79EFBC}") = "impulse", "impulse\impulse.csproj", "{A66A0482-F68C-44F5-A956-D030DE198949}"
EndProject
Project("{54435603-DBB4-11D2-8724-00A0C9A8B90C}") = "impulsesetp", "impulsesetp\impulsesetp.vdproj", "{D63E5547-6D2F-4BE4-86F4-F4E8C8C0BEB2}"
EndProject
Global
	GlobalSection(SolutionConfigurationPlatforms) = preSolution
		Debug|Any CPU = Debug|Any CPU
		Release|Any CPU = Release|Any CPU
	EndGlobalSection
	GlobalSection(ProjectConfigurationPlatforms) = postSolution
		{A66A0482-F68C-44F5-A956-D030DE198949}.Debug|Any CPU.ActiveCfg = Debug|Any CPU
		{A66A0482-F68C-44F5-A956-D030DE198949}.Debug|Any CPU.Build.0 = Debug|Any CPU
		{A66A0482-F68C-44F5-A956-D030DE198949}.Release|Any CPU.ActiveCfg = Release|Any CPU
		{A66A0482-F68C-44F5-A956-D030DE198949}.Release|Any CPU.Build.0 = Release|Any CPU
		{D63E5547-6D2F-4BE4-86F4-F4E8C8C0BEB2}.Debug|Any CPU.ActiveCfg = Debug
		{D63E5547-6D2F-4BE4-86F4-F4E8C8C0BEB2}.Release|Any CPU.ActiveCfg = Release
	EndGlobalSection
	GlobalSection(SolutionProperties) = preSolution
		HideSolutionNode = FALSE
	EndGlobalSection
	GlobalSection(ExtensibilityGlobals) = postSolution
		SolutionGuid = {74A9A4D3-2E99-4176-83CA-75520DE48C7D}
	EndGlobalSection
EndGlobal
